
Microsoft Visual Studio Solution File, Format Version 12.00
# Visual Studio Version 16
VisualStudioVersion = 16.0.31105.61
MinimumVisualStudioVersion = 10.0.40219.1
Project("{FAE04EC0-301F-11D3-BF4B-00C04F79EFBC}") = "UdemyUnitTest.APP", "UdemyUnitTest.APP\UdemyUnitTest.APP.csproj", "{79168087-51C2-4B01-AF8F-4C08224C2E53}"
EndProject
Project("{FAE04EC0-301F-11D3-BF4B-00C04F79EFBC}") = "UdemyUnitTest.Test", "UdemyUnitTest.Test\UdemyUnitTest.Test.csproj", "{20C1A334-FD21-44B3-8E53-0EFB0D7FDBAA}"
EndProject
Global
	GlobalSection(SolutionConfigurationPlatforms) = preSolution
		Debug|Any CPU = Debug|Any CPU
		Release|Any CPU = Release|Any CPU
	EndGlobalSection
	GlobalSection(ProjectConfigurationPlatforms) = postSolution
		{79168087-51C2-4B01-AF8F-4C08224C2E53}.Debug|Any CPU.ActiveCfg = Debug|Any CPU
		{79168087-51C2-4B01-AF8F-4C08224C2E53}.Debug|Any CPU.Build.0 = Debug|Any CPU
		{79168087-51C2-4B01-AF8F-4C08224C2E53}.Release|Any CPU.ActiveCfg = Release|Any CPU
		{79168087-51C2-4B01-AF8F-4C08224C2E53}.Release|Any CPU.Build.0 = Release|Any CPU
		{20C1A334-FD21-44B3-8E53-0EFB0D7FDBAA}.Debug|Any CPU.ActiveCfg = Debug|Any CPU
		{20C1A334-FD21-44B3-8E53-0EFB0D7FDBAA}.Debug|Any CPU.Build.0 = Debug|Any CPU
		{20C1A334-FD21-44B3-8E53-0EFB0D7FDBAA}.Release|Any CPU.ActiveCfg = Release|Any CPU
		{20C1A334-FD21-44B3-8E53-0EFB0D7FDBAA}.Release|Any CPU.Build.0 = Release|Any CPU
	EndGlobalSection
	GlobalSection(SolutionProperties) = preSolution
		HideSolutionNode = FALSE
	EndGlobalSection
	GlobalSection(ExtensibilityGlobals) = postSolution
		SolutionGuid = {40A95C71-2E95-4C1B-BDA3-CF84DC8B82E5}
	EndGlobalSection
EndGlobal
